
Microsoft Visual Studio Solution File, Format Version 12.00
# Visual Studio Version 16
VisualStudioVersion = 25.0.1703.0
MinimumVisualStudioVersion = 10.0.40219.1
Project("{FAE04EC0-301F-11D3-BF4B-00C04F79EFBC}") = "NmfApi", "NmfApi\NmfApi.csproj", "{6C46B9A2-E8F4-43EF-ACA2-CCC14BAE5D1A}"
EndProject
Project("{FAE04EC0-301F-11D3-BF4B-00C04F79EFBC}") = "Infra", "Infra\Infra.csproj", "{1A8E4A08-2042-413C-8F40-AE7D2EB3508F}"
EndProject
Project("{FAE04EC0-301F-11D3-BF4B-00C04F79EFBC}") = "NativeInjector", "NativeInjector\NativeInjector.csproj", "{3AD9361E-F5C5-443E-88B9-A3F534D84AF6}"
EndProject
Project("{FAE04EC0-301F-11D3-BF4B-00C04F79EFBC}") = "Domain", "Domain\Domain.csproj", "{5658AA9A-784A-47E7-8ED8-91780E8BA584}"
EndProject
Global
	GlobalSection(SolutionConfigurationPlatforms) = preSolution
		Debug|Any CPU = Debug|Any CPU
		Release|Any CPU = Release|Any CPU
	EndGlobalSection
	GlobalSection(ProjectConfigurationPlatforms) = postSolution
		{6C46B9A2-E8F4-43EF-ACA2-CCC14BAE5D1A}.Debug|Any CPU.ActiveCfg = Debug|Any CPU
		{6C46B9A2-E8F4-43EF-ACA2-CCC14BAE5D1A}.Debug|Any CPU.Build.0 = Debug|Any CPU
		{6C46B9A2-E8F4-43EF-ACA2-CCC14BAE5D1A}.Release|Any CPU.ActiveCfg = Release|Any CPU
		{6C46B9A2-E8F4-43EF-ACA2-CCC14BAE5D1A}.Release|Any CPU.Build.0 = Release|Any CPU
		{1A8E4A08-2042-413C-8F40-AE7D2EB3508F}.Debug|Any CPU.ActiveCfg = Debug|Any CPU
		{1A8E4A08-2042-413C-8F40-AE7D2EB3508F}.Debug|Any CPU.Build.0 = Debug|Any CPU
		{1A8E4A08-2042-413C-8F40-AE7D2EB3508F}.Release|Any CPU.ActiveCfg = Release|Any CPU
		{1A8E4A08-2042-413C-8F40-AE7D2EB3508F}.Release|Any CPU.Build.0 = Release|Any CPU
		{3AD9361E-F5C5-443E-88B9-A3F534D84AF6}.Debug|Any CPU.ActiveCfg = Debug|Any CPU
		{3AD9361E-F5C5-443E-88B9-A3F534D84AF6}.Debug|Any CPU.Build.0 = Debug|Any CPU
		{3AD9361E-F5C5-443E-88B9-A3F534D84AF6}.Release|Any CPU.ActiveCfg = Release|Any CPU
		{3AD9361E-F5C5-443E-88B9-A3F534D84AF6}.Release|Any CPU.Build.0 = Release|Any CPU
		{5658AA9A-784A-47E7-8ED8-91780E8BA584}.Debug|Any CPU.ActiveCfg = Debug|Any CPU
		{5658AA9A-784A-47E7-8ED8-91780E8BA584}.Debug|Any CPU.Build.0 = Debug|Any CPU
		{5658AA9A-784A-47E7-8ED8-91780E8BA584}.Release|Any CPU.ActiveCfg = Release|Any CPU
		{5658AA9A-784A-47E7-8ED8-91780E8BA584}.Release|Any CPU.Build.0 = Release|Any CPU
	EndGlobalSection
	GlobalSection(SolutionProperties) = preSolution
		HideSolutionNode = FALSE
	EndGlobalSection
	GlobalSection(ExtensibilityGlobals) = postSolution
		SolutionGuid = {74ABB9D4-B8F9-4B03-9DAE-E0E5FD781688}
	EndGlobalSection
EndGlobal
